
Microsoft Visual Studio Solution File, Format Version 12.00
# Visual Studio Version 17
VisualStudioVersion = 17.6.33815.320
MinimumVisualStudioVersion = 10.0.40219.1
Project("{FAE04EC0-301F-11D3-BF4B-00C04F79EFBC}") = "DesafioApi", "DesafioApi\DesafioApi.csproj", "{244BECDF-A317-48F2-B994-47E2EB0992D8}"
EndProject
Global
	GlobalSection(SolutionConfigurationPlatforms) = preSolution
		Debug|Any CPU = Debug|Any CPU
		Release|Any CPU = Release|Any CPU
	EndGlobalSection
	GlobalSection(ProjectConfigurationPlatforms) = postSolution
		{244BECDF-A317-48F2-B994-47E2EB0992D8}.Debug|Any CPU.ActiveCfg = Debug|Any CPU
		{244BECDF-A317-48F2-B994-47E2EB0992D8}.Debug|Any CPU.Build.0 = Debug|Any CPU
		{244BECDF-A317-48F2-B994-47E2EB0992D8}.Release|Any CPU.ActiveCfg = Release|Any CPU
		{244BECDF-A317-48F2-B994-47E2EB0992D8}.Release|Any CPU.Build.0 = Release|Any CPU
	EndGlobalSection
	GlobalSection(SolutionProperties) = preSolution
		HideSolutionNode = FALSE
	EndGlobalSection
	GlobalSection(ExtensibilityGlobals) = postSolution
		SolutionGuid = {DF5CCAB0-2D3B-419B-9C66-2697B7CECB8B}
	EndGlobalSection
EndGlobal
